
Microsoft Visual Studio Solution File, Format Version 11.00
# Visual Studio 2010
Project("{FAE04EC0-301F-11D3-BF4B-00C04F79EFBC}") = "Turbulence", "Turbulence\Turbulence.csproj", "{CBE305D7-8868-4A9D-8885-5E67A8507C78}"
EndProject
Project("{FAE04EC0-301F-11D3-BF4B-00C04F79EFBC}") = "ImportData", "ImportData\ImportData.csproj", "{E598F83D-D3CA-46DF-B152-1D45EDD844FB}"
EndProject
Project("{FAE04EC0-301F-11D3-BF4B-00C04F79EFBC}") = "ImportChannelFlowData", "ImportChannelFlowData\ImportChannelFlowData.csproj", "{3404D741-0CED-4F2B-B253-F0BB7826F678}"
EndProject
Project("{FAE04EC0-301F-11D3-BF4B-00C04F79EFBC}") = "CutoutService", "CutoutService\CutoutService.csproj", "{9FA88AF9-90A2-41CD-B1E2-E9D69F753B10}"
EndProject
Project("{FAE04EC0-301F-11D3-BF4B-00C04F79EFBC}") = "TurbulenceWebServiceLibrary", "TurbulenceWebServiceLibrary\TurbulenceWebServiceLibrary.csproj", "{6D341D06-801B-4B24-97E5-EE21C52F46C6}"
EndProject
Project("{FAE04EC0-301F-11D3-BF4B-00C04F79EFBC}") = "Website", "WebSite\Website.csproj", "{943CE846-969A-46E3-8DA2-598CEFB9F5F5}"
EndProject
Project("{FAE04EC0-301F-11D3-BF4B-00C04F79EFBC}") = "TestApp", "TestApp\TestApp.csproj", "{D1920898-03E3-4FC4-B8A3-52E58AE5B3AD}"
EndProject
Global
	GlobalSection(SolutionConfigurationPlatforms) = preSolution
		Debug|.NET = Debug|.NET
		Debug|Any CPU = Debug|Any CPU
		Debug|Mixed Platforms = Debug|Mixed Platforms
		Debug|Win32 = Debug|Win32
		Debug|x64 = Debug|x64
		Debug|x86 = Debug|x86
		Release|.NET = Release|.NET
		Release|Any CPU = Release|Any CPU
		Release|Mixed Platforms = Release|Mixed Platforms
		Release|Win32 = Release|Win32
		Release|x64 = Release|x64
		Release|x86 = Release|x86
	EndGlobalSection
	GlobalSection(ProjectConfigurationPlatforms) = postSolution
		{CBE305D7-8868-4A9D-8885-5E67A8507C78}.Debug|.NET.ActiveCfg = Debug|Any CPU
		{CBE305D7-8868-4A9D-8885-5E67A8507C78}.Debug|.NET.Build.0 = Debug|Any CPU
		{CBE305D7-8868-4A9D-8885-5E67A8507C78}.Debug|.NET.Deploy.0 = Debug|Any CPU
		{CBE305D7-8868-4A9D-8885-5E67A8507C78}.Debug|Any CPU.ActiveCfg = Debug|Any CPU
		{CBE305D7-8868-4A9D-8885-5E67A8507C78}.Debug|Any CPU.Build.0 = Debug|Any CPU
		{CBE305D7-8868-4A9D-8885-5E67A8507C78}.Debug|Mixed Platforms.ActiveCfg = Debug|Any CPU
		{CBE305D7-8868-4A9D-8885-5E67A8507C78}.Debug|Mixed Platforms.Build.0 = Debug|Any CPU
		{CBE305D7-8868-4A9D-8885-5E67A8507C78}.Debug|Win32.ActiveCfg = Debug|Any CPU
		{CBE305D7-8868-4A9D-8885-5E67A8507C78}.Debug|x64.ActiveCfg = Debug|Any CPU
		{CBE305D7-8868-4A9D-8885-5E67A8507C78}.Debug|x64.Build.0 = Debug|Any CPU
		{CBE305D7-8868-4A9D-8885-5E67A8507C78}.Debug|x86.ActiveCfg = Debug|x86
		{CBE305D7-8868-4A9D-8885-5E67A8507C78}.Debug|x86.Build.0 = Debug|x86
		{CBE305D7-8868-4A9D-8885-5E67A8507C78}.Debug|x86.Deploy.0 = Debug|x86
		{CBE305D7-8868-4A9D-8885-5E67A8507C78}.Release|.NET.ActiveCfg = Release|Any CPU
		{CBE305D7-8868-4A9D-8885-5E67A8507C78}.Release|Any CPU.ActiveCfg = Release|Any CPU
		{CBE305D7-8868-4A9D-8885-5E67A8507C78}.Release|Any CPU.Build.0 = Release|Any CPU
		{CBE305D7-8868-4A9D-8885-5E67A8507C78}.Release|Mixed Platforms.ActiveCfg = Release|Any CPU
		{CBE305D7-8868-4A9D-8885-5E67A8507C78}.Release|Mixed Platforms.Build.0 = Release|Any CPU
		{CBE305D7-8868-4A9D-8885-5E67A8507C78}.Release|Win32.ActiveCfg = Release|Any CPU
		{CBE305D7-8868-4A9D-8885-5E67A8507C78}.Release|x64.ActiveCfg = Release|Any CPU
		{CBE305D7-8868-4A9D-8885-5E67A8507C78}.Release|x64.Build.0 = Release|Any CPU
		{CBE305D7-8868-4A9D-8885-5E67A8507C78}.Release|x86.ActiveCfg = Release|x86
		{CBE305D7-8868-4A9D-8885-5E67A8507C78}.Release|x86.Build.0 = Release|x86
		{E598F83D-D3CA-46DF-B152-1D45EDD844FB}.Debug|.NET.ActiveCfg = Debug|Any CPU
		{E598F83D-D3CA-46DF-B152-1D45EDD844FB}.Debug|Any CPU.ActiveCfg = Debug|Any CPU
		{E598F83D-D3CA-46DF-B152-1D45EDD844FB}.Debug|Any CPU.Build.0 = Debug|Any CPU
		{E598F83D-D3CA-46DF-B152-1D45EDD844FB}.Debug|Mixed Platforms.ActiveCfg = Debug|Any CPU
		{E598F83D-D3CA-46DF-B152-1D45EDD844FB}.Debug|Mixed Platforms.Build.0 = Debug|Any CPU
		{E598F83D-D3CA-46DF-B152-1D45EDD844FB}.Debug|Win32.ActiveCfg = Debug|Any CPU
		{E598F83D-D3CA-46DF-B152-1D45EDD844FB}.Debug|x64.ActiveCfg = Debug|Any CPU
		{E598F83D-D3CA-46DF-B152-1D45EDD844FB}.Debug|x64.Build.0 = Debug|Any CPU
		{E598F83D-D3CA-46DF-B152-1D45EDD844FB}.Debug|x86.ActiveCfg = Debug|x64
		{E598F83D-D3CA-46DF-B152-1D45EDD844FB}.Release|.NET.ActiveCfg = Release|Any CPU
		{E598F83D-D3CA-46DF-B152-1D45EDD844FB}.Release|Any CPU.ActiveCfg = Release|Any CPU
		{E598F83D-D3CA-46DF-B152-1D45EDD844FB}.Release|Any CPU.Build.0 = Release|Any CPU
		{E598F83D-D3CA-46DF-B152-1D45EDD844FB}.Release|Mixed Platforms.ActiveCfg = Release|Any CPU
		{E598F83D-D3CA-46DF-B152-1D45EDD844FB}.Release|Mixed Platforms.Build.0 = Release|Any CPU
		{E598F83D-D3CA-46DF-B152-1D45EDD844FB}.Release|Win32.ActiveCfg = Release|Any CPU
		{E598F83D-D3CA-46DF-B152-1D45EDD844FB}.Release|x64.ActiveCfg = Release|Any CPU
		{E598F83D-D3CA-46DF-B152-1D45EDD844FB}.Release|x86.ActiveCfg = Release|x64
		{3404D741-0CED-4F2B-B253-F0BB7826F678}.Debug|.NET.ActiveCfg = Debug|x86
		{3404D741-0CED-4F2B-B253-F0BB7826F678}.Debug|Any CPU.ActiveCfg = Debug|x86
		{3404D741-0CED-4F2B-B253-F0BB7826F678}.Debug|Mixed Platforms.ActiveCfg = Debug|Any CPU
		{3404D741-0CED-4F2B-B253-F0BB7826F678}.Debug|Mixed Platforms.Build.0 = Debug|Any CPU
		{3404D741-0CED-4F2B-B253-F0BB7826F678}.Debug|Win32.ActiveCfg = Debug|x86
		{3404D741-0CED-4F2B-B253-F0BB7826F678}.Debug|x64.ActiveCfg = Debug|x86
		{3404D741-0CED-4F2B-B253-F0BB7826F678}.Debug|x86.ActiveCfg = Debug|x86
		{3404D741-0CED-4F2B-B253-F0BB7826F678}.Debug|x86.Build.0 = Debug|x86
		{3404D741-0CED-4F2B-B253-F0BB7826F678}.Release|.NET.ActiveCfg = Release|x86
		{3404D741-0CED-4F2B-B253-F0BB7826F678}.Release|Any CPU.ActiveCfg = Release|x86
		{3404D741-0CED-4F2B-B253-F0BB7826F678}.Release|Mixed Platforms.ActiveCfg = Release|x86
		{3404D741-0CED-4F2B-B253-F0BB7826F678}.Release|Mixed Platforms.Build.0 = Release|x86
		{3404D741-0CED-4F2B-B253-F0BB7826F678}.Release|Win32.ActiveCfg = Release|x86
		{3404D741-0CED-4F2B-B253-F0BB7826F678}.Release|x64.ActiveCfg = Release|x86
		{3404D741-0CED-4F2B-B253-F0BB7826F678}.Release|x86.ActiveCfg = Release|x86
		{3404D741-0CED-4F2B-B253-F0BB7826F678}.Release|x86.Build.0 = Release|x86
		{9FA88AF9-90A2-41CD-B1E2-E9D69F753B10}.Debug|.NET.ActiveCfg = Debug|Any CPU
		{9FA88AF9-90A2-41CD-B1E2-E9D69F753B10}.Debug|Any CPU.ActiveCfg = Debug|Any CPU
		{9FA88AF9-90A2-41CD-B1E2-E9D69F753B10}.Debug|Any CPU.Build.0 = Debug|Any CPU
		{9FA88AF9-90A2-41CD-B1E2-E9D69F753B10}.Debug|Mixed Platforms.ActiveCfg = Debug|Any CPU
		{9FA88AF9-90A2-41CD-B1E2-E9D69F753B10}.Debug|Mixed Platforms.Build.0 = Debug|Any CPU
		{9FA88AF9-90A2-41CD-B1E2-E9D69F753B10}.Debug|Win32.ActiveCfg = Debug|Any CPU
		{9FA88AF9-90A2-41CD-B1E2-E9D69F753B10}.Debug|x64.ActiveCfg = Debug|Any CPU
		{9FA88AF9-90A2-41CD-B1E2-E9D69F753B10}.Debug|x64.Build.0 = Debug|Any CPU
		{9FA88AF9-90A2-41CD-B1E2-E9D69F753B10}.Debug|x86.ActiveCfg = Debug|Any CPU
		{9FA88AF9-90A2-41CD-B1E2-E9D69F753B10}.Release|.NET.ActiveCfg = Release|Any CPU
		{9FA88AF9-90A2-41CD-B1E2-E9D69F753B10}.Release|Any CPU.ActiveCfg = Release|Any CPU
		{9FA88AF9-90A2-41CD-B1E2-E9D69F753B10}.Release|Any CPU.Build.0 = Release|Any CPU
		{9FA88AF9-90A2-41CD-B1E2-E9D69F753B10}.Release|Mixed Platforms.ActiveCfg = Release|Any CPU
		{9FA88AF9-90A2-41CD-B1E2-E9D69F753B10}.Release|Mixed Platforms.Build.0 = Release|Any CPU
		{9FA88AF9-90A2-41CD-B1E2-E9D69F753B10}.Release|Win32.ActiveCfg = Release|Any CPU
		{9FA88AF9-90A2-41CD-B1E2-E9D69F753B10}.Release|x64.ActiveCfg = Release|Any CPU
		{9FA88AF9-90A2-41CD-B1E2-E9D69F753B10}.Release|x64.Build.0 = Release|Any CPU
		{9FA88AF9-90A2-41CD-B1E2-E9D69F753B10}.Release|x86.ActiveCfg = Release|Any CPU
		{6D341D06-801B-4B24-97E5-EE21C52F46C6}.Debug|.NET.ActiveCfg = Debug|Any CPU
		{6D341D06-801B-4B24-97E5-EE21C52F46C6}.Debug|Any CPU.ActiveCfg = Debug|Any CPU
		{6D341D06-801B-4B24-97E5-EE21C52F46C6}.Debug|Any CPU.Build.0 = Debug|Any CPU
		{6D341D06-801B-4B24-97E5-EE21C52F46C6}.Debug|Mixed Platforms.ActiveCfg = Debug|Any CPU
		{6D341D06-801B-4B24-97E5-EE21C52F46C6}.Debug|Mixed Platforms.Build.0 = Debug|Any CPU
		{6D341D06-801B-4B24-97E5-EE21C52F46C6}.Debug|Win32.ActiveCfg = Debug|Any CPU
		{6D341D06-801B-4B24-97E5-EE21C52F46C6}.Debug|x64.ActiveCfg = Debug|Any CPU
		{6D341D06-801B-4B24-97E5-EE21C52F46C6}.Debug|x64.Build.0 = Debug|Any CPU
		{6D341D06-801B-4B24-97E5-EE21C52F46C6}.Debug|x86.ActiveCfg = Debug|Any CPU
		{6D341D06-801B-4B24-97E5-EE21C52F46C6}.Release|.NET.ActiveCfg = Release|Any CPU
		{6D341D06-801B-4B24-97E5-EE21C52F46C6}.Release|Any CPU.ActiveCfg = Release|Any CPU
		{6D341D06-801B-4B24-97E5-EE21C52F46C6}.Release|Any CPU.Build.0 = Release|Any CPU
		{6D341D06-801B-4B24-97E5-EE21C52F46C6}.Release|Mixed Platforms.ActiveCfg = Release|Any CPU
		{6D341D06-801B-4B24-97E5-EE21C52F46C6}.Release|Mixed Platforms.Build.0 = Release|Any CPU
		{6D341D06-801B-4B24-97E5-EE21C52F46C6}.Release|Win32.ActiveCfg = Release|Any CPU
		{6D341D06-801B-4B24-97E5-EE21C52F46C6}.Release|x64.ActiveCfg = Release|Any CPU
		{6D341D06-801B-4B24-97E5-EE21C52F46C6}.Release|x64.Build.0 = Release|Any CPU
		{6D341D06-801B-4B24-97E5-EE21C52F46C6}.Release|x86.ActiveCfg = Release|Any CPU
		{943CE846-969A-46E3-8DA2-598CEFB9F5F5}.Debug|.NET.ActiveCfg = Debug|Any CPU
		{943CE846-969A-46E3-8DA2-598CEFB9F5F5}.Debug|Any CPU.ActiveCfg = Debug|Any CPU
		{943CE846-969A-46E3-8DA2-598CEFB9F5F5}.Debug|Any CPU.Build.0 = Debug|Any CPU
		{943CE846-969A-46E3-8DA2-598CEFB9F5F5}.Debug|Mixed Platforms.ActiveCfg = Debug|Any CPU
		{943CE846-969A-46E3-8DA2-598CEFB9F5F5}.Debug|Mixed Platforms.Build.0 = Debug|Any CPU
		{943CE846-969A-46E3-8DA2-598CEFB9F5F5}.Debug|Win32.ActiveCfg = Debug|Any CPU
		{943CE846-969A-46E3-8DA2-598CEFB9F5F5}.Debug|x64.ActiveCfg = Debug|Any CPU
		{943CE846-969A-46E3-8DA2-598CEFB9F5F5}.Debug|x86.ActiveCfg = Debug|Any CPU
		{943CE846-969A-46E3-8DA2-598CEFB9F5F5}.Release|.NET.ActiveCfg = Release|Any CPU
		{943CE846-969A-46E3-8DA2-598CEFB9F5F5}.Release|Any CPU.ActiveCfg = Release|Any CPU
		{943CE846-969A-46E3-8DA2-598CEFB9F5F5}.Release|Any CPU.Build.0 = Release|Any CPU
		{943CE846-969A-46E3-8DA2-598CEFB9F5F5}.Release|Mixed Platforms.ActiveCfg = Release|Any CPU
		{943CE846-969A-46E3-8DA2-598CEFB9F5F5}.Release|Mixed Platforms.Build.0 = Release|Any CPU
		{943CE846-969A-46E3-8DA2-598CEFB9F5F5}.Release|Win32.ActiveCfg = Release|Any CPU
		{943CE846-969A-46E3-8DA2-598CEFB9F5F5}.Release|x64.ActiveCfg = Release|Any CPU
		{943CE846-969A-46E3-8DA2-598CEFB9F5F5}.Release|x86.ActiveCfg = Release|Any CPU
		{D1920898-03E3-4FC4-B8A3-52E58AE5B3AD}.Debug|.NET.ActiveCfg = Debug|Any CPU
		{D1920898-03E3-4FC4-B8A3-52E58AE5B3AD}.Debug|Any CPU.ActiveCfg = Debug|Any CPU
		{D1920898-03E3-4FC4-B8A3-52E58AE5B3AD}.Debug|Any CPU.Build.0 = Debug|Any CPU
		{D1920898-03E3-4FC4-B8A3-52E58AE5B3AD}.Debug|Mixed Platforms.ActiveCfg = Debug|Any CPU
		{D1920898-03E3-4FC4-B8A3-52E58AE5B3AD}.Debug|Mixed Platforms.Build.0 = Debug|Any CPU
		{D1920898-03E3-4FC4-B8A3-52E58AE5B3AD}.Debug|Win32.ActiveCfg = Debug|Any CPU
		{D1920898-03E3-4FC4-B8A3-52E58AE5B3AD}.Debug|x64.ActiveCfg = Debug|Any CPU
		{D1920898-03E3-4FC4-B8A3-52E58AE5B3AD}.Debug|x86.ActiveCfg = Debug|Any CPU
		{D1920898-03E3-4FC4-B8A3-52E58AE5B3AD}.Release|.NET.ActiveCfg = Release|Any CPU
		{D1920898-03E3-4FC4-B8A3-52E58AE5B3AD}.Release|Any CPU.ActiveCfg = Release|Any CPU
		{D1920898-03E3-4FC4-B8A3-52E58AE5B3AD}.Release|Any CPU.Build.0 = Release|Any CPU
		{D1920898-03E3-4FC4-B8A3-52E58AE5B3AD}.Release|Mixed Platforms.ActiveCfg = Release|Any CPU
		{D1920898-03E3-4FC4-B8A3-52E58AE5B3AD}.Release|Mixed Platforms.Build.0 = Release|Any CPU
		{D1920898-03E3-4FC4-B8A3-52E58AE5B3AD}.Release|Win32.ActiveCfg = Release|Any CPU
		{D1920898-03E3-4FC4-B8A3-52E58AE5B3AD}.Release|x64.ActiveCfg = Release|Any CPU
		{D1920898-03E3-4FC4-B8A3-52E58AE5B3AD}.Release|x86.ActiveCfg = Release|Any CPU
	EndGlobalSection
	GlobalSection(SolutionProperties) = preSolution
		HideSolutionNode = FALSE
	EndGlobalSection
EndGlobal
